
Microsoft Visual Studio Solution File, Format Version 11.00
# Visual Studio 2010
Project("{2150E333-8FDC-42A3-9474-1A3956D46DE8}") = "MFS_IWM.Domain", "MFS_IWM.Domain", "{8718E047-E0A2-40F5-B98E-9773B98B27C4}"
EndProject
Project("{FAE04EC0-301F-11D3-BF4B-00C04F79EFBC}") = "MFS_IWM.UnitTests", "MFS_IWM.UnitTests\MFS_IWM.UnitTests.csproj", "{3219D59F-62EA-4A7E-8881-7852BBF0FE0A}"
EndProject
Project("{2150E333-8FDC-42A3-9474-1A3956D46DE8}") = "Solution Items", "Solution Items", "{F402D6F7-A351-41F8-A2F9-BA40BCBFD101}"
	ProjectSection(SolutionItems) = preProject
		IWM.vsmdi = IWM.vsmdi
		Local.testsettings = Local.testsettings
		TraceAndTestImpact.testsettings = TraceAndTestImpact.testsettings
	EndProjectSection
EndProject
Project("{FAE04EC0-301F-11D3-BF4B-00C04F79EFBC}") = "MFS_IWM.Web", "MFS_IWM.Web\MFS_IWM.Web.csproj", "{1892404B-66EC-4369-9E67-A2870A608CBF}"
	ProjectSection(ProjectDependencies) = postProject
		{0275416A-3A18-45E2-BCD2-EB0F6A036049} = {0275416A-3A18-45E2-BCD2-EB0F6A036049}
	EndProjectSection
EndProject
Project("{2150E333-8FDC-42A3-9474-1A3956D46DE8}") = "MFS_IWM.DAL", "MFS_IWM.DAL", "{893ECC3B-3A64-435E-8F33-D39C56484A6E}"
EndProject
Project("{FAE04EC0-301F-11D3-BF4B-00C04F79EFBC}") = "MFS_IWM.DAL.Infrastructure", "MFS_IWM.DAL.infrastructure\MFS_IWM.DAL.Infrastructure.csproj", "{3D9C2195-7658-4158-965F-069FEAF8E311}"
EndProject
Project("{FAE04EC0-301F-11D3-BF4B-00C04F79EFBC}") = "MFS_IWM.DAL.PIM", "MFS_IWM.DAL.PIM\MFS_IWM.DAL.PIM.csproj", "{24150513-905D-41BB-8471-56102DCE54BC}"
EndProject
Project("{FAE04EC0-301F-11D3-BF4B-00C04F79EFBC}") = "MFS_IWM.DAL.PRM", "MFS_IWM.DAL.PRM\MFS_IWM.DAL.PRM.csproj", "{99686FF6-1A23-41D2-9055-853E638A48EA}"
EndProject
Project("{FAE04EC0-301F-11D3-BF4B-00C04F79EFBC}") = "MFS_IWM.Domain.PRM", "MFS_IWM.Domain.PRM\MFS_IWM.Domain.PRM.csproj", "{E43088EA-2886-4A50-97FB-B55CCA6D7085}"
EndProject
Project("{FAE04EC0-301F-11D3-BF4B-00C04F79EFBC}") = "MFS_IWM.Domain.PIM", "MFS_IWM.Domain.PIM\MFS_IWM.Domain.PIM.csproj", "{2A3B7D9E-4948-4FD0-8C1D-533B2ECB4E72}"
EndProject
Project("{FAE04EC0-301F-11D3-BF4B-00C04F79EFBC}") = "MFS_IWM.Utility", "MFS_IWM.Utility\MFS_IWM.Utility.csproj", "{1FBE4E81-4078-44CF-9AD7-282C84002C37}"
EndProject
Project("{FAE04EC0-301F-11D3-BF4B-00C04F79EFBC}") = "MFS_IWM.Service", "MFS_IWM.Service\MFS_IWM.Service.csproj", "{FED748AF-A795-4D70-83FB-7A75E736E608}"
EndProject
Project("{2150E333-8FDC-42A3-9474-1A3956D46DE8}") = "MFS_IWM.Security", "MFS_IWM.Security", "{9E108158-FB5D-4C64-9CE7-DFE704AC4E1C}"
EndProject
Project("{FAE04EC0-301F-11D3-BF4B-00C04F79EFBC}") = "IWMUserManagementService", "MFS_IWM.Security\TVLSecurity\UserManagementService\IWMUserManagementService.csproj", "{0275416A-3A18-45E2-BCD2-EB0F6A036049}"
EndProject
Project("{FAE04EC0-301F-11D3-BF4B-00C04F79EFBC}") = "TVLSecurity.Web", "MFS_IWM.Security\TVLSecurity\TVLSecurity.Web\TVLSecurity.Web.csproj", "{856DB116-D2F9-4FBE-80B1-FEB81AC9C229}"
	ProjectSection(ProjectDependencies) = postProject
		{0275416A-3A18-45E2-BCD2-EB0F6A036049} = {0275416A-3A18-45E2-BCD2-EB0F6A036049}
	EndProjectSection
EndProject
Project("{FAE04EC0-301F-11D3-BF4B-00C04F79EFBC}") = "PrimaryBaseLibrary", "MFS_IWM.Security\TVLSecurity\Common\PrimaryBaseLibrary.csproj", "{3BB0A3D1-9931-4B7D-BE3D-A33ECB70DCF7}"
EndProject
Project("{FAE04EC0-301F-11D3-BF4B-00C04F79EFBC}") = "Common.Web", "MFS_IWM.Security\TVLSecurity\Common.Web\Common.Web.csproj", "{2D43185D-D42F-4A67-96E5-FCE6834B6FC8}"
EndProject
Project("{FAE04EC0-301F-11D3-BF4B-00C04F79EFBC}") = "DataAccess", "MFS_IWM.Security\TVLSecurity\DataAccess\DataAccess.csproj", "{95BF1696-B99B-463D-AE93-792837C19F76}"
EndProject
Project("{FAE04EC0-301F-11D3-BF4B-00C04F79EFBC}") = "DBClient", "MFS_IWM.Security\TVLSecurity\DBClient\DBClient.csproj", "{E4C15C68-20C1-4A72-BB92-346EF2A65E77}"
EndProject
Project("{FAE04EC0-301F-11D3-BF4B-00C04F79EFBC}") = "Entity", "MFS_IWM.Security\TVLSecurity\Entity\Entity.csproj", "{B7A0917F-2D11-4D26-8AB9-41CFA4E7ABD9}"
EndProject
Project("{FAE04EC0-301F-11D3-BF4B-00C04F79EFBC}") = "MvcPaging", "MFS_IWM.Security\TVLSecurity\MvcPaging\MvcPaging.csproj", "{AAF30968-1118-4937-B392-E9863EA8D76D}"
EndProject
Project("{FAE04EC0-301F-11D3-BF4B-00C04F79EFBC}") = "TVLSecurity.Business", "MFS_IWM.Security\TVLSecurity\TVLSecurity.Business\TVLSecurity.Business.csproj", "{6586BFD1-BD88-492B-8707-128FAB319B63}"
	ProjectSection(ProjectDependencies) = postProject
		{0275416A-3A18-45E2-BCD2-EB0F6A036049} = {0275416A-3A18-45E2-BCD2-EB0F6A036049}
	EndProjectSection
EndProject
Project("{FAE04EC0-301F-11D3-BF4B-00C04F79EFBC}") = "UserManagement.Business", "MFS_IWM.Security\TVLSecurity\UserManagement.Business\UserManagement.Business.csproj", "{989807F3-4CCB-4C57-BC8D-28E1D458D2D2}"
EndProject
Project("{FAE04EC0-301F-11D3-BF4B-00C04F79EFBC}") = "MFS_IWM.DAL.FAM", "MFS_IWM.DAL.FAM\MFS_IWM.DAL.FAM.csproj", "{78FE58FE-5248-41DA-880A-CE51EFE4C970}"
EndProject
Project("{FAE04EC0-301F-11D3-BF4B-00C04F79EFBC}") = "MFS_IWM.Domain.FAM", "MFS_IWM.Domain.FAM\MFS_IWM.Domain.FAM.csproj", "{E9014EA2-D015-47BA-959E-C517A6A973E7}"
EndProject
Project("{FAE04EC0-301F-11D3-BF4B-00C04F79EFBC}") = "MFS_IWM.DAL.PGM", "MFS_IWM.DAL.PGM\MFS_IWM.DAL.PGM.csproj", "{AFD8DEEB-3F26-41D0-BAAB-6CC6467F2807}"
EndProject
Project("{FAE04EC0-301F-11D3-BF4B-00C04F79EFBC}") = "MFS_IWM.Domain.PGM", "MFS_IWM.Domain.PGM\MFS_IWM.Domain.PGM.csproj", "{C3CAFBC6-EBD3-475C-9658-AAD6930EE28D}"
EndProject
Project("{FAE04EC0-301F-11D3-BF4B-00C04F79EFBC}") = "MFS_IWM.DAL.CPF", "MFS_IWM.DAL.CPF\MFS_IWM.DAL.CPF.csproj", "{49924C85-1F37-43A3-962B-D6ABCEC9C76E}"
EndProject
Project("{FAE04EC0-301F-11D3-BF4B-00C04F79EFBC}") = "MFS_IWM.Domain.CPF", "MFS_IWM.Domain.CPF\MFS_IWM.Domain.CPF.csproj", "{CC43D836-D8B7-4618-BA1B-AFCF31495952}"
EndProject
Project("{FAE04EC0-301F-11D3-BF4B-00C04F79EFBC}") = "MFS_IWM.DAL.ADC", "MFS_IWM.DAL.ADC\MFS_IWM.DAL.ADC.csproj", "{77AB33FF-0BBF-4562-98A6-DDDF0C8BB174}"
EndProject
Project("{FAE04EC0-301F-11D3-BF4B-00C04F79EFBC}") = "MFS_IWM.Domain.ADC", "MFS_IWM.Domain.ADC\MFS_IWM.Domain.ADC.csproj", "{7063C3B0-A40B-46DE-9DD9-B35A0C524164}"
EndProject
Project("{FAE04EC0-301F-11D3-BF4B-00C04F79EFBC}") = "EmailNotificationService", "EmailNotificationService\EmailNotificationService.csproj", "{1F43FDC0-0D16-4454-92AD-56A38239D743}"
EndProject
Global
	GlobalSection(TestCaseManagementSettings) = postSolution
		CategoryFile = IWM.vsmdi
	EndGlobalSection
	GlobalSection(SourceCodeControl) = preSolution
		SccNumberOfProjects = 29
		SccLocalPath0 = .
		SccProjectUniqueName1 = MFS_IWM.UnitTests\\MFS_IWM.UnitTests.csproj
		SccLocalPath1 = .
		SccProjectFilePathRelativizedFromConnection1 = MFS_IWM.UnitTests\\
		SccProjectUniqueName2 = MFS_IWM.Web\\MFS_IWM.Web.csproj
		SccLocalPath2 = .
		SccProjectFilePathRelativizedFromConnection2 = MFS_IWM.Web\\
		SccProjectUniqueName3 = MFS_IWM.DAL.PIM\\MFS_IWM.DAL.PIM.csproj
		SccProjectTopLevelParentUniqueName3 = IWM.sln
		SccLocalPath3 = .
		SccProjectFilePathRelativizedFromConnection3 = MFS_IWM.DAL.PIM\\
		SccProjectUniqueName4 = MFS_IWM.DAL.infrastructure\\MFS_IWM.DAL.Infrastructure.csproj
		SccProjectTopLevelParentUniqueName4 = IWM.sln
		SccLocalPath4 = .
		SccProjectFilePathRelativizedFromConnection4 = MFS_IWM.DAL.infrastructure\\
		SccProjectUniqueName5 = MFS_IWM.DAL.PRM\\MFS_IWM.DAL.PRM.csproj
		SccProjectTopLevelParentUniqueName5 = IWM.sln
		SccLocalPath5 = .
		SccProjectFilePathRelativizedFromConnection5 = MFS_IWM.DAL.PRM\\
		SccProjectUniqueName6 = MFS_IWM.Domain.PRM\\MFS_IWM.Domain.PRM.csproj
		SccProjectTopLevelParentUniqueName6 = IWM.sln
		SccLocalPath6 = .
		SccProjectFilePathRelativizedFromConnection6 = MFS_IWM.Domain.PRM\\
		SccProjectUniqueName7 = MFS_IWM.Domain.PIM\\MFS_IWM.Domain.PIM.csproj
		SccProjectTopLevelParentUniqueName7 = IWM.sln
		SccLocalPath7 = .
		SccProjectFilePathRelativizedFromConnection7 = MFS_IWM.Domain.PIM\\
		SccProjectUniqueName8 = MFS_IWM.Utility\\MFS_IWM.Utility.csproj
		SccLocalPath8 = .
		SccProjectFilePathRelativizedFromConnection8 = MFS_IWM.Utility\\
		SccProjectUniqueName9 = MFS_IWM.Service\\MFS_IWM.Service.csproj
		SccLocalPath9 = .
		SccProjectFilePathRelativizedFromConnection9 = MFS_IWM.Service\\
		SccProjectUniqueName10 = MFS_IWM.Security\\TVLSecurity\\TVLSecurity.Web\\TVLSecurity.Web.csproj
		SccProjectTopLevelParentUniqueName10 = IWM.sln
		SccProjectName10 = \u0022$/MFS_IWM/04.\u0020Codes/IWM.root/IWM/MFS_IWM.Security/TVLSecurity/TVLSecurity.Web\u0022,\u0020OVEAAAAA
		SccLocalPath10 = MFS_IWM.Security\\TVLSecurity\\TVLSecurity.Web
		SccProjectUniqueName11 = MFS_IWM.Security\\TVLSecurity\\Common\\PrimaryBaseLibrary.csproj
		SccProjectTopLevelParentUniqueName11 = IWM.sln
		SccProjectName11 = \u0022$/MFS_IWM/04.\u0020Codes/IWM.root/IWM/MFS_IWM.Security/TVLSecurity/Common\u0022,\u0020HREAAAAA
		SccLocalPath11 = MFS_IWM.Security\\TVLSecurity\\Common
		SccProjectUniqueName12 = MFS_IWM.Security\\TVLSecurity\\Common.Web\\Common.Web.csproj
		SccProjectTopLevelParentUniqueName12 = IWM.sln
		SccProjectName12 = \u0022$/MFS_IWM/04.\u0020Codes/IWM.root/IWM/MFS_IWM.Security/TVLSecurity/Common.Web\u0022,\u0020VREAAAAA
		SccLocalPath12 = MFS_IWM.Security\\TVLSecurity\\Common.Web
		SccProjectUniqueName13 = MFS_IWM.Security\\TVLSecurity\\DataAccess\\DataAccess.csproj
		SccProjectTopLevelParentUniqueName13 = IWM.sln
		SccProjectName13 = \u0022$/MFS_IWM/04.\u0020Codes/IWM.root/IWM/MFS_IWM.Security/TVLSecurity/DataAccess\u0022,\u0020DSEAAAAA
		SccLocalPath13 = MFS_IWM.Security\\TVLSecurity\\DataAccess
		SccProjectUniqueName14 = MFS_IWM.Security\\TVLSecurity\\DBClient\\DBClient.csproj
		SccProjectTopLevelParentUniqueName14 = IWM.sln
		SccProjectName14 = \u0022$/MFS_IWM/04.\u0020Codes/IWM.root/IWM/MFS_IWM.Security/TVLSecurity/DBClient\u0022,\u0020WSEAAAAA
		SccLocalPath14 = MFS_IWM.Security\\TVLSecurity\\DBClient
		SccProjectUniqueName15 = MFS_IWM.Security\\TVLSecurity\\Entity\\Entity.csproj
		SccProjectTopLevelParentUniqueName15 = IWM.sln
		SccProjectName15 = \u0022$/MFS_IWM/04.\u0020Codes/IWM.root/IWM/MFS_IWM.Security/TVLSecurity/Entity\u0022,\u0020GTEAAAAA
		SccLocalPath15 = MFS_IWM.Security\\TVLSecurity\\Entity
		SccProjectUniqueName16 = MFS_IWM.Security\\TVLSecurity\\MvcPaging\\MvcPaging.csproj
		SccProjectTopLevelParentUniqueName16 = IWM.sln
		SccProjectName16 = \u0022$/MFS_IWM/04.\u0020Codes/IWM.root/IWM/MFS_IWM.Security/TVLSecurity/MvcPaging\u0022,\u0020ZTEAAAAA
		SccLocalPath16 = MFS_IWM.Security\\TVLSecurity\\MvcPaging
		SccProjectUniqueName17 = MFS_IWM.Security\\TVLSecurity\\TVLSecurity.Business\\TVLSecurity.Business.csproj
		SccProjectTopLevelParentUniqueName17 = IWM.sln
		SccProjectName17 = \u0022$/MFS_IWM/04.\u0020Codes/IWM.root/IWM/MFS_IWM.Security/TVLSecurity/TVLSecurity.Business\u0022,\u0020IUEAAAAA
		SccLocalPath17 = MFS_IWM.Security\\TVLSecurity\\TVLSecurity.Business
		SccProjectUniqueName18 = MFS_IWM.Security\\TVLSecurity\\UserManagement.Business\\UserManagement.Business.csproj
		SccProjectTopLevelParentUniqueName18 = IWM.sln
		SccProjectName18 = \u0022$/MFS_IWM/04.\u0020Codes/IWM.root/IWM/MFS_IWM.Security/TVLSecurity/UserManagement.Business\u0022,\u0020UDFAAAAA
		SccLocalPath18 = MFS_IWM.Security\\TVLSecurity\\UserManagement.Business
		SccProjectUniqueName19 = MFS_IWM.DAL.FAM\\MFS_IWM.DAL.FAM.csproj
		SccProjectTopLevelParentUniqueName19 = IWM.sln
		SccLocalPath19 = .
		SccProjectFilePathRelativizedFromConnection19 = MFS_IWM.DAL.FAM\\
		SccProjectUniqueName20 = MFS_IWM.Domain.FAM\\MFS_IWM.Domain.FAM.csproj
		SccProjectTopLevelParentUniqueName20 = IWM.sln
		SccLocalPath20 = .
		SccProjectFilePathRelativizedFromConnection20 = MFS_IWM.Domain.FAM\\
		SccProjectUniqueName21 = MFS_IWM.DAL.PGM\\MFS_IWM.DAL.PGM.csproj
		SccProjectTopLevelParentUniqueName21 = IWM.sln
		SccLocalPath21 = .
		SccProjectFilePathRelativizedFromConnection21 = MFS_IWM.DAL.PGM\\
		SccProjectUniqueName22 = MFS_IWM.Domain.PGM\\MFS_IWM.Domain.PGM.csproj
		SccProjectTopLevelParentUniqueName22 = IWM.sln
		SccLocalPath22 = .
		SccProjectFilePathRelativizedFromConnection22 = MFS_IWM.Domain.PGM\\
		SccProjectUniqueName23 = MFS_IWM.Security\\TVLSecurity\\UserManagementService\\IWMUserManagementService.csproj
		SccProjectTopLevelParentUniqueName23 = IWM.sln
		SccProjectName23 = \u0022$/MFS_IWM/04.\u0020Codes/IWM.root/IWM/MFS_IWM.Security/TVLSecurity/UserManagementService\u0022,\u0020MEFAAAAA
		SccLocalPath23 = MFS_IWM.Security\\TVLSecurity\\UserManagementService
		SccProjectUniqueName24 = MFS_IWM.Domain.CPF\\MFS_IWM.Domain.CPF.csproj
		SccProjectTopLevelParentUniqueName24 = IWM.sln
		SccLocalPath24 = .
		SccProjectFilePathRelativizedFromConnection24 = MFS_IWM.Domain.CPF\\
		SccProjectUniqueName25 = MFS_IWM.DAL.CPF\\MFS_IWM.DAL.CPF.csproj
		SccProjectTopLevelParentUniqueName25 = IWM.sln
		SccLocalPath25 = .
		SccProjectFilePathRelativizedFromConnection25 = MFS_IWM.DAL.CPF\\
		SccProjectUniqueName26 = MFS_IWM.Domain.ADC\\MFS_IWM.Domain.ADC.csproj
		SccProjectTopLevelParentUniqueName26 = IWM.sln
		SccLocalPath26 = .
		SccProjectFilePathRelativizedFromConnection26 = MFS_IWM.Domain.ADC\\
		SccProjectUniqueName27 = MFS_IWM.DAL.ADC\\MFS_IWM.DAL.ADC.csproj
		SccProjectTopLevelParentUniqueName27 = IWM.sln
		SccLocalPath27 = .
		SccProjectFilePathRelativizedFromConnection27 = MFS_IWM.DAL.ADC\\
		SccProjectUniqueName28 = EmailNotificationService\\EmailNotificationService.csproj
		SccLocalPath28 = .
		SccProjectFilePathRelativizedFromConnection28 = EmailNotificationService\\
	EndGlobalSection
	GlobalSection(SolutionConfigurationPlatforms) = preSolution
		Debug|Any CPU = Debug|Any CPU
		Debug|Mixed Platforms = Debug|Mixed Platforms
		Debug|x86 = Debug|x86
		Release|Any CPU = Release|Any CPU
		Release|Mixed Platforms = Release|Mixed Platforms
		Release|x86 = Release|x86
	EndGlobalSection
	GlobalSection(ProjectConfigurationPlatforms) = postSolution
		{3219D59F-62EA-4A7E-8881-7852BBF0FE0A}.Debug|Any CPU.ActiveCfg = Debug|Any CPU
		{3219D59F-62EA-4A7E-8881-7852BBF0FE0A}.Debug|Any CPU.Build.0 = Debug|Any CPU
		{3219D59F-62EA-4A7E-8881-7852BBF0FE0A}.Debug|Mixed Platforms.ActiveCfg = Debug|Any CPU
		{3219D59F-62EA-4A7E-8881-7852BBF0FE0A}.Debug|Mixed Platforms.Build.0 = Debug|Any CPU
		{3219D59F-62EA-4A7E-8881-7852BBF0FE0A}.Debug|x86.ActiveCfg = Debug|Any CPU
		{3219D59F-62EA-4A7E-8881-7852BBF0FE0A}.Release|Any CPU.ActiveCfg = Release|Any CPU
		{3219D59F-62EA-4A7E-8881-7852BBF0FE0A}.Release|Any CPU.Build.0 = Release|Any CPU
		{3219D59F-62EA-4A7E-8881-7852BBF0FE0A}.Release|Mixed Platforms.ActiveCfg = Release|Any CPU
		{3219D59F-62EA-4A7E-8881-7852BBF0FE0A}.Release|Mixed Platforms.Build.0 = Release|Any CPU
		{3219D59F-62EA-4A7E-8881-7852BBF0FE0A}.Release|x86.ActiveCfg = Release|Any CPU
		{1892404B-66EC-4369-9E67-A2870A608CBF}.Debug|Any CPU.ActiveCfg = Debug|Any CPU
		{1892404B-66EC-4369-9E67-A2870A608CBF}.Debug|Any CPU.Build.0 = Debug|Any CPU
		{1892404B-66EC-4369-9E67-A2870A608CBF}.Debug|Mixed Platforms.ActiveCfg = Debug|Any CPU
		{1892404B-66EC-4369-9E67-A2870A608CBF}.Debug|Mixed Platforms.Build.0 = Debug|Any CPU
		{1892404B-66EC-4369-9E67-A2870A608CBF}.Debug|x86.ActiveCfg = Debug|Any CPU
		{1892404B-66EC-4369-9E67-A2870A608CBF}.Release|Any CPU.ActiveCfg = Release|Any CPU
		{1892404B-66EC-4369-9E67-A2870A608CBF}.Release|Any CPU.Build.0 = Release|Any CPU
		{1892404B-66EC-4369-9E67-A2870A608CBF}.Release|Mixed Platforms.ActiveCfg = Release|Any CPU
		{1892404B-66EC-4369-9E67-A2870A608CBF}.Release|Mixed Platforms.Build.0 = Release|Any CPU
		{1892404B-66EC-4369-9E67-A2870A608CBF}.Release|x86.ActiveCfg = Release|Any CPU
		{3D9C2195-7658-4158-965F-069FEAF8E311}.Debug|Any CPU.ActiveCfg = Debug|Any CPU
		{3D9C2195-7658-4158-965F-069FEAF8E311}.Debug|Any CPU.Build.0 = Debug|Any CPU
		{3D9C2195-7658-4158-965F-069FEAF8E311}.Debug|Mixed Platforms.ActiveCfg = Debug|Any CPU
		{3D9C2195-7658-4158-965F-069FEAF8E311}.Debug|Mixed Platforms.Build.0 = Debug|Any CPU
		{3D9C2195-7658-4158-965F-069FEAF8E311}.Debug|x86.ActiveCfg = Debug|Any CPU
		{3D9C2195-7658-4158-965F-069FEAF8E311}.Release|Any CPU.ActiveCfg = Release|Any CPU
		{3D9C2195-7658-4158-965F-069FEAF8E311}.Release|Any CPU.Build.0 = Release|Any CPU
		{3D9C2195-7658-4158-965F-069FEAF8E311}.Release|Mixed Platforms.ActiveCfg = Release|Any CPU
		{3D9C2195-7658-4158-965F-069FEAF8E311}.Release|Mixed Platforms.Build.0 = Release|Any CPU
		{3D9C2195-7658-4158-965F-069FEAF8E311}.Release|x86.ActiveCfg = Release|Any CPU
		{24150513-905D-41BB-8471-56102DCE54BC}.Debug|Any CPU.ActiveCfg = Debug|Any CPU
		{24150513-905D-41BB-8471-56102DCE54BC}.Debug|Any CPU.Build.0 = Debug|Any CPU
		{24150513-905D-41BB-8471-56102DCE54BC}.Debug|Mixed Platforms.ActiveCfg = Debug|Any CPU
		{24150513-905D-41BB-8471-56102DCE54BC}.Debug|Mixed Platforms.Build.0 = Debug|Any CPU
		{24150513-905D-41BB-8471-56102DCE54BC}.Debug|x86.ActiveCfg = Debug|Any CPU
		{24150513-905D-41BB-8471-56102DCE54BC}.Release|Any CPU.ActiveCfg = Release|Any CPU
		{24150513-905D-41BB-8471-56102DCE54BC}.Release|Any CPU.Build.0 = Release|Any CPU
		{24150513-905D-41BB-8471-56102DCE54BC}.Release|Mixed Platforms.ActiveCfg = Release|Any CPU
		{24150513-905D-41BB-8471-56102DCE54BC}.Release|Mixed Platforms.Build.0 = Release|Any CPU
		{24150513-905D-41BB-8471-56102DCE54BC}.Release|x86.ActiveCfg = Release|Any CPU
		{99686FF6-1A23-41D2-9055-853E638A48EA}.Debug|Any CPU.ActiveCfg = Debug|Any CPU
		{99686FF6-1A23-41D2-9055-853E638A48EA}.Debug|Any CPU.Build.0 = Debug|Any CPU
		{99686FF6-1A23-41D2-9055-853E638A48EA}.Debug|Mixed Platforms.ActiveCfg = Debug|Any CPU
		{99686FF6-1A23-41D2-9055-853E638A48EA}.Debug|Mixed Platforms.Build.0 = Debug|Any CPU
		{99686FF6-1A23-41D2-9055-853E638A48EA}.Debug|x86.ActiveCfg = Debug|Any CPU
		{99686FF6-1A23-41D2-9055-853E638A48EA}.Release|Any CPU.ActiveCfg = Release|Any CPU
		{99686FF6-1A23-41D2-9055-853E638A48EA}.Release|Any CPU.Build.0 = Release|Any CPU
		{99686FF6-1A23-41D2-9055-853E638A48EA}.Release|Mixed Platforms.ActiveCfg = Release|Any CPU
		{99686FF6-1A23-41D2-9055-853E638A48EA}.Release|Mixed Platforms.Build.0 = Release|Any CPU
		{99686FF6-1A23-41D2-9055-853E638A48EA}.Release|x86.ActiveCfg = Release|Any CPU
		{E43088EA-2886-4A50-97FB-B55CCA6D7085}.Debug|Any CPU.ActiveCfg = Debug|Any CPU
		{E43088EA-2886-4A50-97FB-B55CCA6D7085}.Debug|Any CPU.Build.0 = Debug|Any CPU
		{E43088EA-2886-4A50-97FB-B55CCA6D7085}.Debug|Mixed Platforms.ActiveCfg = Debug|Any CPU
		{E43088EA-2886-4A50-97FB-B55CCA6D7085}.Debug|Mixed Platforms.Build.0 = Debug|Any CPU
		{E43088EA-2886-4A50-97FB-B55CCA6D7085}.Debug|x86.ActiveCfg = Debug|Any CPU
		{E43088EA-2886-4A50-97FB-B55CCA6D7085}.Release|Any CPU.ActiveCfg = Release|Any CPU
		{E43088EA-2886-4A50-97FB-B55CCA6D7085}.Release|Any CPU.Build.0 = Release|Any CPU
		{E43088EA-2886-4A50-97FB-B55CCA6D7085}.Release|Mixed Platforms.ActiveCfg = Release|Any CPU
		{E43088EA-2886-4A50-97FB-B55CCA6D7085}.Release|Mixed Platforms.Build.0 = Release|Any CPU
		{E43088EA-2886-4A50-97FB-B55CCA6D7085}.Release|x86.ActiveCfg = Release|Any CPU
		{2A3B7D9E-4948-4FD0-8C1D-533B2ECB4E72}.Debug|Any CPU.ActiveCfg = Debug|Any CPU
		{2A3B7D9E-4948-4FD0-8C1D-533B2ECB4E72}.Debug|Any CPU.Build.0 = Debug|Any CPU
		{2A3B7D9E-4948-4FD0-8C1D-533B2ECB4E72}.Debug|Mixed Platforms.ActiveCfg = Debug|Any CPU
		{2A3B7D9E-4948-4FD0-8C1D-533B2ECB4E72}.Debug|Mixed Platforms.Build.0 = Debug|Any CPU
		{2A3B7D9E-4948-4FD0-8C1D-533B2ECB4E72}.Debug|x86.ActiveCfg = Debug|Any CPU
		{2A3B7D9E-4948-4FD0-8C1D-533B2ECB4E72}.Release|Any CPU.ActiveCfg = Release|Any CPU
		{2A3B7D9E-4948-4FD0-8C1D-533B2ECB4E72}.Release|Any CPU.Build.0 = Release|Any CPU
		{2A3B7D9E-4948-4FD0-8C1D-533B2ECB4E72}.Release|Mixed Platforms.ActiveCfg = Release|Any CPU
		{2A3B7D9E-4948-4FD0-8C1D-533B2ECB4E72}.Release|Mixed Platforms.Build.0 = Release|Any CPU
		{2A3B7D9E-4948-4FD0-8C1D-533B2ECB4E72}.Release|x86.ActiveCfg = Release|Any CPU
		{1FBE4E81-4078-44CF-9AD7-282C84002C37}.Debug|Any CPU.ActiveCfg = Debug|Any CPU
		{1FBE4E81-4078-44CF-9AD7-282C84002C37}.Debug|Any CPU.Build.0 = Debug|Any CPU
		{1FBE4E81-4078-44CF-9AD7-282C84002C37}.Debug|Mixed Platforms.ActiveCfg = Debug|Any CPU
		{1FBE4E81-4078-44CF-9AD7-282C84002C37}.Debug|Mixed Platforms.Build.0 = Debug|Any CPU
		{1FBE4E81-4078-44CF-9AD7-282C84002C37}.Debug|x86.ActiveCfg = Debug|Any CPU
		{1FBE4E81-4078-44CF-9AD7-282C84002C37}.Release|Any CPU.ActiveCfg = Release|Any CPU
		{1FBE4E81-4078-44CF-9AD7-282C84002C37}.Release|Any CPU.Build.0 = Release|Any CPU
		{1FBE4E81-4078-44CF-9AD7-282C84002C37}.Release|Mixed Platforms.ActiveCfg = Release|Any CPU
		{1FBE4E81-4078-44CF-9AD7-282C84002C37}.Release|Mixed Platforms.Build.0 = Release|Any CPU
		{1FBE4E81-4078-44CF-9AD7-282C84002C37}.Release|x86.ActiveCfg = Release|Any CPU
		{FED748AF-A795-4D70-83FB-7A75E736E608}.Debug|Any CPU.ActiveCfg = Release|x86
		{FED748AF-A795-4D70-83FB-7A75E736E608}.Debug|Mixed Platforms.ActiveCfg = Debug|x86
		{FED748AF-A795-4D70-83FB-7A75E736E608}.Debug|Mixed Platforms.Build.0 = Debug|x86
		{FED748AF-A795-4D70-83FB-7A75E736E608}.Debug|x86.ActiveCfg = Debug|x86
		{FED748AF-A795-4D70-83FB-7A75E736E608}.Debug|x86.Build.0 = Debug|x86
		{FED748AF-A795-4D70-83FB-7A75E736E608}.Release|Any CPU.ActiveCfg = Release|x86
		{FED748AF-A795-4D70-83FB-7A75E736E608}.Release|Mixed Platforms.ActiveCfg = Release|x86
		{FED748AF-A795-4D70-83FB-7A75E736E608}.Release|Mixed Platforms.Build.0 = Release|x86
		{FED748AF-A795-4D70-83FB-7A75E736E608}.Release|x86.ActiveCfg = Release|x86
		{FED748AF-A795-4D70-83FB-7A75E736E608}.Release|x86.Build.0 = Release|x86
		{0275416A-3A18-45E2-BCD2-EB0F6A036049}.Debug|Any CPU.ActiveCfg = Debug|Any CPU
		{0275416A-3A18-45E2-BCD2-EB0F6A036049}.Debug|Any CPU.Build.0 = Debug|Any CPU
		{0275416A-3A18-45E2-BCD2-EB0F6A036049}.Debug|Mixed Platforms.ActiveCfg = Debug|Any CPU
		{0275416A-3A18-45E2-BCD2-EB0F6A036049}.Debug|Mixed Platforms.Build.0 = Debug|Any CPU
		{0275416A-3A18-45E2-BCD2-EB0F6A036049}.Debug|x86.ActiveCfg = Debug|Any CPU
		{0275416A-3A18-45E2-BCD2-EB0F6A036049}.Release|Any CPU.ActiveCfg = Release|Any CPU
		{0275416A-3A18-45E2-BCD2-EB0F6A036049}.Release|Any CPU.Build.0 = Release|Any CPU
		{0275416A-3A18-45E2-BCD2-EB0F6A036049}.Release|Mixed Platforms.ActiveCfg = Release|Any CPU
		{0275416A-3A18-45E2-BCD2-EB0F6A036049}.Release|Mixed Platforms.Build.0 = Release|Any CPU
		{0275416A-3A18-45E2-BCD2-EB0F6A036049}.Release|x86.ActiveCfg = Release|Any CPU
		{856DB116-D2F9-4FBE-80B1-FEB81AC9C229}.Debug|Any CPU.ActiveCfg = Debug|Any CPU
		{856DB116-D2F9-4FBE-80B1-FEB81AC9C229}.Debug|Any CPU.Build.0 = Debug|Any CPU
		{856DB116-D2F9-4FBE-80B1-FEB81AC9C229}.Debug|Mixed Platforms.ActiveCfg = Debug|Any CPU
		{856DB116-D2F9-4FBE-80B1-FEB81AC9C229}.Debug|Mixed Platforms.Build.0 = Debug|Any CPU
		{856DB116-D2F9-4FBE-80B1-FEB81AC9C229}.Debug|x86.ActiveCfg = Debug|Any CPU
		{856DB116-D2F9-4FBE-80B1-FEB81AC9C229}.Release|Any CPU.ActiveCfg = Release|Any CPU
		{856DB116-D2F9-4FBE-80B1-FEB81AC9C229}.Release|Any CPU.Build.0 = Release|Any CPU
		{856DB116-D2F9-4FBE-80B1-FEB81AC9C229}.Release|Mixed Platforms.ActiveCfg = Release|Any CPU
		{856DB116-D2F9-4FBE-80B1-FEB81AC9C229}.Release|Mixed Platforms.Build.0 = Release|Any CPU
		{856DB116-D2F9-4FBE-80B1-FEB81AC9C229}.Release|x86.ActiveCfg = Release|Any CPU
		{3BB0A3D1-9931-4B7D-BE3D-A33ECB70DCF7}.Debug|Any CPU.ActiveCfg = Debug|Any CPU
		{3BB0A3D1-9931-4B7D-BE3D-A33ECB70DCF7}.Debug|Any CPU.Build.0 = Debug|Any CPU
		{3BB0A3D1-9931-4B7D-BE3D-A33ECB70DCF7}.Debug|Mixed Platforms.ActiveCfg = Debug|Any CPU
		{3BB0A3D1-9931-4B7D-BE3D-A33ECB70DCF7}.Debug|Mixed Platforms.Build.0 = Debug|Any CPU
		{3BB0A3D1-9931-4B7D-BE3D-A33ECB70DCF7}.Debug|x86.ActiveCfg = Debug|Any CPU
		{3BB0A3D1-9931-4B7D-BE3D-A33ECB70DCF7}.Release|Any CPU.ActiveCfg = Release|Any CPU
		{3BB0A3D1-9931-4B7D-BE3D-A33ECB70DCF7}.Release|Any CPU.Build.0 = Release|Any CPU
		{3BB0A3D1-9931-4B7D-BE3D-A33ECB70DCF7}.Release|Mixed Platforms.ActiveCfg = Release|Any CPU
		{3BB0A3D1-9931-4B7D-BE3D-A33ECB70DCF7}.Release|Mixed Platforms.Build.0 = Release|Any CPU
		{3BB0A3D1-9931-4B7D-BE3D-A33ECB70DCF7}.Release|x86.ActiveCfg = Release|Any CPU
		{2D43185D-D42F-4A67-96E5-FCE6834B6FC8}.Debug|Any CPU.ActiveCfg = Debug|Any CPU
		{2D43185D-D42F-4A67-96E5-FCE6834B6FC8}.Debug|Any CPU.Build.0 = Debug|Any CPU
		{2D43185D-D42F-4A67-96E5-FCE6834B6FC8}.Debug|Mixed Platforms.ActiveCfg = Debug|Any CPU
		{2D43185D-D42F-4A67-96E5-FCE6834B6FC8}.Debug|Mixed Platforms.Build.0 = Debug|Any CPU
		{2D43185D-D42F-4A67-96E5-FCE6834B6FC8}.Debug|x86.ActiveCfg = Debug|Any CPU
		{2D43185D-D42F-4A67-96E5-FCE6834B6FC8}.Release|Any CPU.ActiveCfg = Release|Any CPU
		{2D43185D-D42F-4A67-96E5-FCE6834B6FC8}.Release|Any CPU.Build.0 = Release|Any CPU
		{2D43185D-D42F-4A67-96E5-FCE6834B6FC8}.Release|Mixed Platforms.ActiveCfg = Release|Any CPU
		{2D43185D-D42F-4A67-96E5-FCE6834B6FC8}.Release|Mixed Platforms.Build.0 = Release|Any CPU
		{2D43185D-D42F-4A67-96E5-FCE6834B6FC8}.Release|x86.ActiveCfg = Release|Any CPU
		{95BF1696-B99B-463D-AE93-792837C19F76}.Debug|Any CPU.ActiveCfg = Debug|Any CPU
		{95BF1696-B99B-463D-AE93-792837C19F76}.Debug|Any CPU.Build.0 = Debug|Any CPU
		{95BF1696-B99B-463D-AE93-792837C19F76}.Debug|Mixed Platforms.ActiveCfg = Debug|Any CPU
		{95BF1696-B99B-463D-AE93-792837C19F76}.Debug|Mixed Platforms.Build.0 = Debug|Any CPU
		{95BF1696-B99B-463D-AE93-792837C19F76}.Debug|x86.ActiveCfg = Debug|Any CPU
		{95BF1696-B99B-463D-AE93-792837C19F76}.Release|Any CPU.ActiveCfg = Release|Any CPU
		{95BF1696-B99B-463D-AE93-792837C19F76}.Release|Any CPU.Build.0 = Release|Any CPU
		{95BF1696-B99B-463D-AE93-792837C19F76}.Release|Mixed Platforms.ActiveCfg = Release|Any CPU
		{95BF1696-B99B-463D-AE93-792837C19F76}.Release|Mixed Platforms.Build.0 = Release|Any CPU
		{95BF1696-B99B-463D-AE93-792837C19F76}.Release|x86.ActiveCfg = Release|Any CPU
		{E4C15C68-20C1-4A72-BB92-346EF2A65E77}.Debug|Any CPU.ActiveCfg = Debug|Any CPU
		{E4C15C68-20C1-4A72-BB92-346EF2A65E77}.Debug|Any CPU.Build.0 = Debug|Any CPU
		{E4C15C68-20C1-4A72-BB92-346EF2A65E77}.Debug|Mixed Platforms.ActiveCfg = Debug|Any CPU
		{E4C15C68-20C1-4A72-BB92-346EF2A65E77}.Debug|Mixed Platforms.Build.0 = Debug|Any CPU
		{E4C15C68-20C1-4A72-BB92-346EF2A65E77}.Debug|x86.ActiveCfg = Debug|Any CPU
		{E4C15C68-20C1-4A72-BB92-346EF2A65E77}.Release|Any CPU.ActiveCfg = Release|Any CPU
		{E4C15C68-20C1-4A72-BB92-346EF2A65E77}.Release|Any CPU.Build.0 = Release|Any CPU
		{E4C15C68-20C1-4A72-BB92-346EF2A65E77}.Release|Mixed Platforms.ActiveCfg = Release|Any CPU
		{E4C15C68-20C1-4A72-BB92-346EF2A65E77}.Release|Mixed Platforms.Build.0 = Release|Any CPU
		{E4C15C68-20C1-4A72-BB92-346EF2A65E77}.Release|x86.ActiveCfg = Release|Any CPU
		{B7A0917F-2D11-4D26-8AB9-41CFA4E7ABD9}.Debug|Any CPU.ActiveCfg = Debug|Any CPU
		{B7A0917F-2D11-4D26-8AB9-41CFA4E7ABD9}.Debug|Any CPU.Build.0 = Debug|Any CPU
		{B7A0917F-2D11-4D26-8AB9-41CFA4E7ABD9}.Debug|Mixed Platforms.ActiveCfg = Debug|Any CPU
		{B7A0917F-2D11-4D26-8AB9-41CFA4E7ABD9}.Debug|Mixed Platforms.Build.0 = Debug|Any CPU
		{B7A0917F-2D11-4D26-8AB9-41CFA4E7ABD9}.Debug|x86.ActiveCfg = Debug|Any CPU
		{B7A0917F-2D11-4D26-8AB9-41CFA4E7ABD9}.Release|Any CPU.ActiveCfg = Release|Any CPU
		{B7A0917F-2D11-4D26-8AB9-41CFA4E7ABD9}.Release|Any CPU.Build.0 = Release|Any CPU
		{B7A0917F-2D11-4D26-8AB9-41CFA4E7ABD9}.Release|Mixed Platforms.ActiveCfg = Release|Any CPU
		{B7A0917F-2D11-4D26-8AB9-41CFA4E7ABD9}.Release|Mixed Platforms.Build.0 = Release|Any CPU
		{B7A0917F-2D11-4D26-8AB9-41CFA4E7ABD9}.Release|x86.ActiveCfg = Release|Any CPU
		{AAF30968-1118-4937-B392-E9863EA8D76D}.Debug|Any CPU.ActiveCfg = Debug|Any CPU
		{AAF30968-1118-4937-B392-E9863EA8D76D}.Debug|Any CPU.Build.0 = Debug|Any CPU
		{AAF30968-1118-4937-B392-E9863EA8D76D}.Debug|Mixed Platforms.ActiveCfg = Debug|Any CPU
		{AAF30968-1118-4937-B392-E9863EA8D76D}.Debug|Mixed Platforms.Build.0 = Debug|Any CPU
		{AAF30968-1118-4937-B392-E9863EA8D76D}.Debug|x86.ActiveCfg = Debug|Any CPU
		{AAF30968-1118-4937-B392-E9863EA8D76D}.Release|Any CPU.ActiveCfg = Release|Any CPU
		{AAF30968-1118-4937-B392-E9863EA8D76D}.Release|Any CPU.Build.0 = Release|Any CPU
		{AAF30968-1118-4937-B392-E9863EA8D76D}.Release|Mixed Platforms.ActiveCfg = Release|Any CPU
		{AAF30968-1118-4937-B392-E9863EA8D76D}.Release|Mixed Platforms.Build.0 = Release|Any CPU
		{AAF30968-1118-4937-B392-E9863EA8D76D}.Release|x86.ActiveCfg = Release|Any CPU
		{6586BFD1-BD88-492B-8707-128FAB319B63}.Debug|Any CPU.ActiveCfg = Debug|Any CPU
		{6586BFD1-BD88-492B-8707-128FAB319B63}.Debug|Any CPU.Build.0 = Debug|Any CPU
		{6586BFD1-BD88-492B-8707-128FAB319B63}.Debug|Mixed Platforms.ActiveCfg = Debug|Any CPU
		{6586BFD1-BD88-492B-8707-128FAB319B63}.Debug|Mixed Platforms.Build.0 = Debug|Any CPU
		{6586BFD1-BD88-492B-8707-128FAB319B63}.Debug|x86.ActiveCfg = Debug|Any CPU
		{6586BFD1-BD88-492B-8707-128FAB319B63}.Release|Any CPU.ActiveCfg = Release|Any CPU
		{6586BFD1-BD88-492B-8707-128FAB319B63}.Release|Any CPU.Build.0 = Release|Any CPU
		{6586BFD1-BD88-492B-8707-128FAB319B63}.Release|Mixed Platforms.ActiveCfg = Release|Any CPU
		{6586BFD1-BD88-492B-8707-128FAB319B63}.Release|Mixed Platforms.Build.0 = Release|Any CPU
		{6586BFD1-BD88-492B-8707-128FAB319B63}.Release|x86.ActiveCfg = Release|Any CPU
		{989807F3-4CCB-4C57-BC8D-28E1D458D2D2}.Debug|Any CPU.ActiveCfg = Debug|Any CPU
		{989807F3-4CCB-4C57-BC8D-28E1D458D2D2}.Debug|Any CPU.Build.0 = Debug|Any CPU
		{989807F3-4CCB-4C57-BC8D-28E1D458D2D2}.Debug|Mixed Platforms.ActiveCfg = Debug|Any CPU
		{989807F3-4CCB-4C57-BC8D-28E1D458D2D2}.Debug|Mixed Platforms.Build.0 = Debug|Any CPU
		{989807F3-4CCB-4C57-BC8D-28E1D458D2D2}.Debug|x86.ActiveCfg = Debug|Any CPU
		{989807F3-4CCB-4C57-BC8D-28E1D458D2D2}.Release|Any CPU.ActiveCfg = Release|Any CPU
		{989807F3-4CCB-4C57-BC8D-28E1D458D2D2}.Release|Any CPU.Build.0 = Release|Any CPU
		{989807F3-4CCB-4C57-BC8D-28E1D458D2D2}.Release|Mixed Platforms.ActiveCfg = Release|Any CPU
		{989807F3-4CCB-4C57-BC8D-28E1D458D2D2}.Release|Mixed Platforms.Build.0 = Release|Any CPU
		{989807F3-4CCB-4C57-BC8D-28E1D458D2D2}.Release|x86.ActiveCfg = Release|Any CPU
		{78FE58FE-5248-41DA-880A-CE51EFE4C970}.Debug|Any CPU.ActiveCfg = Debug|Any CPU
		{78FE58FE-5248-41DA-880A-CE51EFE4C970}.Debug|Any CPU.Build.0 = Debug|Any CPU
		{78FE58FE-5248-41DA-880A-CE51EFE4C970}.Debug|Mixed Platforms.ActiveCfg = Debug|Any CPU
		{78FE58FE-5248-41DA-880A-CE51EFE4C970}.Debug|Mixed Platforms.Build.0 = Debug|Any CPU
		{78FE58FE-5248-41DA-880A-CE51EFE4C970}.Debug|x86.ActiveCfg = Debug|Any CPU
		{78FE58FE-5248-41DA-880A-CE51EFE4C970}.Release|Any CPU.ActiveCfg = Release|Any CPU
		{78FE58FE-5248-41DA-880A-CE51EFE4C970}.Release|Any CPU.Build.0 = Release|Any CPU
		{78FE58FE-5248-41DA-880A-CE51EFE4C970}.Release|Mixed Platforms.ActiveCfg = Release|Any CPU
		{78FE58FE-5248-41DA-880A-CE51EFE4C970}.Release|Mixed Platforms.Build.0 = Release|Any CPU
		{78FE58FE-5248-41DA-880A-CE51EFE4C970}.Release|x86.ActiveCfg = Release|Any CPU
		{E9014EA2-D015-47BA-959E-C517A6A973E7}.Debug|Any CPU.ActiveCfg = Debug|Any CPU
		{E9014EA2-D015-47BA-959E-C517A6A973E7}.Debug|Any CPU.Build.0 = Debug|Any CPU
		{E9014EA2-D015-47BA-959E-C517A6A973E7}.Debug|Mixed Platforms.ActiveCfg = Debug|Any CPU
		{E9014EA2-D015-47BA-959E-C517A6A973E7}.Debug|Mixed Platforms.Build.0 = Debug|Any CPU
		{E9014EA2-D015-47BA-959E-C517A6A973E7}.Debug|x86.ActiveCfg = Debug|Any CPU
		{E9014EA2-D015-47BA-959E-C517A6A973E7}.Release|Any CPU.ActiveCfg = Release|Any CPU
		{E9014EA2-D015-47BA-959E-C517A6A973E7}.Release|Any CPU.Build.0 = Release|Any CPU
		{E9014EA2-D015-47BA-959E-C517A6A973E7}.Release|Mixed Platforms.ActiveCfg = Release|Any CPU
		{E9014EA2-D015-47BA-959E-C517A6A973E7}.Release|Mixed Platforms.Build.0 = Release|Any CPU
		{E9014EA2-D015-47BA-959E-C517A6A973E7}.Release|x86.ActiveCfg = Release|Any CPU
		{AFD8DEEB-3F26-41D0-BAAB-6CC6467F2807}.Debug|Any CPU.ActiveCfg = Debug|Any CPU
		{AFD8DEEB-3F26-41D0-BAAB-6CC6467F2807}.Debug|Any CPU.Build.0 = Debug|Any CPU
		{AFD8DEEB-3F26-41D0-BAAB-6CC6467F2807}.Debug|Mixed Platforms.ActiveCfg = Debug|Any CPU
		{AFD8DEEB-3F26-41D0-BAAB-6CC6467F2807}.Debug|Mixed Platforms.Build.0 = Debug|Any CPU
		{AFD8DEEB-3F26-41D0-BAAB-6CC6467F2807}.Debug|x86.ActiveCfg = Debug|Any CPU
		{AFD8DEEB-3F26-41D0-BAAB-6CC6467F2807}.Release|Any CPU.ActiveCfg = Release|Any CPU
		{AFD8DEEB-3F26-41D0-BAAB-6CC6467F2807}.Release|Any CPU.Build.0 = Release|Any CPU
		{AFD8DEEB-3F26-41D0-BAAB-6CC6467F2807}.Release|Mixed Platforms.ActiveCfg = Release|Any CPU
		{AFD8DEEB-3F26-41D0-BAAB-6CC6467F2807}.Release|Mixed Platforms.Build.0 = Release|Any CPU
		{AFD8DEEB-3F26-41D0-BAAB-6CC6467F2807}.Release|x86.ActiveCfg = Release|Any CPU
		{C3CAFBC6-EBD3-475C-9658-AAD6930EE28D}.Debug|Any CPU.ActiveCfg = Debug|Any CPU
		{C3CAFBC6-EBD3-475C-9658-AAD6930EE28D}.Debug|Any CPU.Build.0 = Debug|Any CPU
		{C3CAFBC6-EBD3-475C-9658-AAD6930EE28D}.Debug|Mixed Platforms.ActiveCfg = Debug|Any CPU
		{C3CAFBC6-EBD3-475C-9658-AAD6930EE28D}.Debug|Mixed Platforms.Build.0 = Debug|Any CPU
		{C3CAFBC6-EBD3-475C-9658-AAD6930EE28D}.Debug|x86.ActiveCfg = Debug|Any CPU
		{C3CAFBC6-EBD3-475C-9658-AAD6930EE28D}.Release|Any CPU.ActiveCfg = Release|Any CPU
		{C3CAFBC6-EBD3-475C-9658-AAD6930EE28D}.Release|Any CPU.Build.0 = Release|Any CPU
		{C3CAFBC6-EBD3-475C-9658-AAD6930EE28D}.Release|Mixed Platforms.ActiveCfg = Release|Any CPU
		{C3CAFBC6-EBD3-475C-9658-AAD6930EE28D}.Release|Mixed Platforms.Build.0 = Release|Any CPU
		{C3CAFBC6-EBD3-475C-9658-AAD6930EE28D}.Release|x86.ActiveCfg = Release|Any CPU
		{49924C85-1F37-43A3-962B-D6ABCEC9C76E}.Debug|Any CPU.ActiveCfg = Debug|Any CPU
		{49924C85-1F37-43A3-962B-D6ABCEC9C76E}.Debug|Any CPU.Build.0 = Debug|Any CPU
		{49924C85-1F37-43A3-962B-D6ABCEC9C76E}.Debug|Mixed Platforms.ActiveCfg = Debug|Any CPU
		{49924C85-1F37-43A3-962B-D6ABCEC9C76E}.Debug|Mixed Platforms.Build.0 = Debug|Any CPU
		{49924C85-1F37-43A3-962B-D6ABCEC9C76E}.Debug|x86.ActiveCfg = Debug|Any CPU
		{49924C85-1F37-43A3-962B-D6ABCEC9C76E}.Release|Any CPU.ActiveCfg = Release|Any CPU
		{49924C85-1F37-43A3-962B-D6ABCEC9C76E}.Release|Any CPU.Build.0 = Release|Any CPU
		{49924C85-1F37-43A3-962B-D6ABCEC9C76E}.Release|Mixed Platforms.ActiveCfg = Release|Any CPU
		{49924C85-1F37-43A3-962B-D6ABCEC9C76E}.Release|Mixed Platforms.Build.0 = Release|Any CPU
		{49924C85-1F37-43A3-962B-D6ABCEC9C76E}.Release|x86.ActiveCfg = Release|Any CPU
		{CC43D836-D8B7-4618-BA1B-AFCF31495952}.Debug|Any CPU.ActiveCfg = Debug|Any CPU
		{CC43D836-D8B7-4618-BA1B-AFCF31495952}.Debug|Any CPU.Build.0 = Debug|Any CPU
		{CC43D836-D8B7-4618-BA1B-AFCF31495952}.Debug|Mixed Platforms.ActiveCfg = Debug|Any CPU
		{CC43D836-D8B7-4618-BA1B-AFCF31495952}.Debug|Mixed Platforms.Build.0 = Debug|Any CPU
		{CC43D836-D8B7-4618-BA1B-AFCF31495952}.Debug|x86.ActiveCfg = Debug|Any CPU
		{CC43D836-D8B7-4618-BA1B-AFCF31495952}.Release|Any CPU.ActiveCfg = Release|Any CPU
		{CC43D836-D8B7-4618-BA1B-AFCF31495952}.Release|Any CPU.Build.0 = Release|Any CPU
		{CC43D836-D8B7-4618-BA1B-AFCF31495952}.Release|Mixed Platforms.ActiveCfg = Release|Any CPU
		{CC43D836-D8B7-4618-BA1B-AFCF31495952}.Release|Mixed Platforms.Build.0 = Release|Any CPU
		{CC43D836-D8B7-4618-BA1B-AFCF31495952}.Release|x86.ActiveCfg = Release|Any CPU
		{77AB33FF-0BBF-4562-98A6-DDDF0C8BB174}.Debug|Any CPU.ActiveCfg = Debug|Any CPU
		{77AB33FF-0BBF-4562-98A6-DDDF0C8BB174}.Debug|Any CPU.Build.0 = Debug|Any CPU
		{77AB33FF-0BBF-4562-98A6-DDDF0C8BB174}.Debug|Mixed Platforms.ActiveCfg = Debug|Any CPU
		{77AB33FF-0BBF-4562-98A6-DDDF0C8BB174}.Debug|Mixed Platforms.Build.0 = Debug|Any CPU
		{77AB33FF-0BBF-4562-98A6-DDDF0C8BB174}.Debug|x86.ActiveCfg = Debug|Any CPU
		{77AB33FF-0BBF-4562-98A6-DDDF0C8BB174}.Release|Any CPU.ActiveCfg = Release|Any CPU
		{77AB33FF-0BBF-4562-98A6-DDDF0C8BB174}.Release|Any CPU.Build.0 = Release|Any CPU
		{77AB33FF-0BBF-4562-98A6-DDDF0C8BB174}.Release|Mixed Platforms.ActiveCfg = Release|Any CPU
		{77AB33FF-0BBF-4562-98A6-DDDF0C8BB174}.Release|Mixed Platforms.Build.0 = Release|Any CPU
		{77AB33FF-0BBF-4562-98A6-DDDF0C8BB174}.Release|x86.ActiveCfg = Release|Any CPU
		{7063C3B0-A40B-46DE-9DD9-B35A0C524164}.Debug|Any CPU.ActiveCfg = Debug|Any CPU
		{7063C3B0-A40B-46DE-9DD9-B35A0C524164}.Debug|Any CPU.Build.0 = Debug|Any CPU
		{7063C3B0-A40B-46DE-9DD9-B35A0C524164}.Debug|Mixed Platforms.ActiveCfg = Debug|Any CPU
		{7063C3B0-A40B-46DE-9DD9-B35A0C524164}.Debug|Mixed Platforms.Build.0 = Debug|Any CPU
		{7063C3B0-A40B-46DE-9DD9-B35A0C524164}.Debug|x86.ActiveCfg = Debug|Any CPU
		{7063C3B0-A40B-46DE-9DD9-B35A0C524164}.Release|Any CPU.ActiveCfg = Release|Any CPU
		{7063C3B0-A40B-46DE-9DD9-B35A0C524164}.Release|Any CPU.Build.0 = Release|Any CPU
		{7063C3B0-A40B-46DE-9DD9-B35A0C524164}.Release|Mixed Platforms.ActiveCfg = Release|Any CPU
		{7063C3B0-A40B-46DE-9DD9-B35A0C524164}.Release|Mixed Platforms.Build.0 = Release|Any CPU
		{7063C3B0-A40B-46DE-9DD9-B35A0C524164}.Release|x86.ActiveCfg = Release|Any CPU
		{1F43FDC0-0D16-4454-92AD-56A38239D743}.Debug|Any CPU.ActiveCfg = Debug|x86
		{1F43FDC0-0D16-4454-92AD-56A38239D743}.Debug|Mixed Platforms.ActiveCfg = Debug|x86
		{1F43FDC0-0D16-4454-92AD-56A38239D743}.Debug|Mixed Platforms.Build.0 = Debug|x86
		{1F43FDC0-0D16-4454-92AD-56A38239D743}.Debug|x86.ActiveCfg = Debug|x86
		{1F43FDC0-0D16-4454-92AD-56A38239D743}.Debug|x86.Build.0 = Debug|x86
		{1F43FDC0-0D16-4454-92AD-56A38239D743}.Release|Any CPU.ActiveCfg = Release|x86
		{1F43FDC0-0D16-4454-92AD-56A38239D743}.Release|Mixed Platforms.ActiveCfg = Release|x86
		{1F43FDC0-0D16-4454-92AD-56A38239D743}.Release|Mixed Platforms.Build.0 = Release|x86
		{1F43FDC0-0D16-4454-92AD-56A38239D743}.Release|x86.ActiveCfg = Release|x86
		{1F43FDC0-0D16-4454-92AD-56A38239D743}.Release|x86.Build.0 = Release|x86
	EndGlobalSection
	GlobalSection(SolutionProperties) = preSolution
		HideSolutionNode = FALSE
	EndGlobalSection
	GlobalSection(NestedProjects) = preSolution
		{3D9C2195-7658-4158-965F-069FEAF8E311} = {893ECC3B-3A64-435E-8F33-D39C56484A6E}
		{24150513-905D-41BB-8471-56102DCE54BC} = {893ECC3B-3A64-435E-8F33-D39C56484A6E}
		{99686FF6-1A23-41D2-9055-853E638A48EA} = {893ECC3B-3A64-435E-8F33-D39C56484A6E}
		{78FE58FE-5248-41DA-880A-CE51EFE4C970} = {893ECC3B-3A64-435E-8F33-D39C56484A6E}
		{AFD8DEEB-3F26-41D0-BAAB-6CC6467F2807} = {893ECC3B-3A64-435E-8F33-D39C56484A6E}
		{49924C85-1F37-43A3-962B-D6ABCEC9C76E} = {893ECC3B-3A64-435E-8F33-D39C56484A6E}
		{77AB33FF-0BBF-4562-98A6-DDDF0C8BB174} = {893ECC3B-3A64-435E-8F33-D39C56484A6E}
		{E43088EA-2886-4A50-97FB-B55CCA6D7085} = {8718E047-E0A2-40F5-B98E-9773B98B27C4}
		{2A3B7D9E-4948-4FD0-8C1D-533B2ECB4E72} = {8718E047-E0A2-40F5-B98E-9773B98B27C4}
		{E9014EA2-D015-47BA-959E-C517A6A973E7} = {8718E047-E0A2-40F5-B98E-9773B98B27C4}
		{C3CAFBC6-EBD3-475C-9658-AAD6930EE28D} = {8718E047-E0A2-40F5-B98E-9773B98B27C4}
		{CC43D836-D8B7-4618-BA1B-AFCF31495952} = {8718E047-E0A2-40F5-B98E-9773B98B27C4}
		{7063C3B0-A40B-46DE-9DD9-B35A0C524164} = {8718E047-E0A2-40F5-B98E-9773B98B27C4}
		{0275416A-3A18-45E2-BCD2-EB0F6A036049} = {9E108158-FB5D-4C64-9CE7-DFE704AC4E1C}
		{856DB116-D2F9-4FBE-80B1-FEB81AC9C229} = {9E108158-FB5D-4C64-9CE7-DFE704AC4E1C}
		{3BB0A3D1-9931-4B7D-BE3D-A33ECB70DCF7} = {9E108158-FB5D-4C64-9CE7-DFE704AC4E1C}
		{2D43185D-D42F-4A67-96E5-FCE6834B6FC8} = {9E108158-FB5D-4C64-9CE7-DFE704AC4E1C}
		{95BF1696-B99B-463D-AE93-792837C19F76} = {9E108158-FB5D-4C64-9CE7-DFE704AC4E1C}
		{E4C15C68-20C1-4A72-BB92-346EF2A65E77} = {9E108158-FB5D-4C64-9CE7-DFE704AC4E1C}
		{B7A0917F-2D11-4D26-8AB9-41CFA4E7ABD9} = {9E108158-FB5D-4C64-9CE7-DFE704AC4E1C}
		{AAF30968-1118-4937-B392-E9863EA8D76D} = {9E108158-FB5D-4C64-9CE7-DFE704AC4E1C}
		{6586BFD1-BD88-492B-8707-128FAB319B63} = {9E108158-FB5D-4C64-9CE7-DFE704AC4E1C}
		{989807F3-4CCB-4C57-BC8D-28E1D458D2D2} = {9E108158-FB5D-4C64-9CE7-DFE704AC4E1C}
	EndGlobalSection
EndGlobal
